// !$*UTF8*$!
{
	archiveVersion = 1;
	classes = {
	};
	objectVersion = 50;
	objects = {

/* Begin PBXBuildFile section */
		CEA5BA4521FAC072000694A3 /* AppDelegate.swift in Sources */ = {isa = PBXBuildFile; fileRef = CEA5BA4421FAC072000694A3 /* AppDelegate.swift */; };
		CEA5BA4721FAC072000694A3 /* ViewController.swift in Sources */ = {isa = PBXBuildFile; fileRef = CEA5BA4621FAC072000694A3 /* ViewController.swift */; };
		CEA5BA4A21FAC072000694A3 /* Main.storyboard in Resources */ = {isa = PBXBuildFile; fileRef = CEA5BA4821FAC072000694A3 /* Main.storyboard */; };
		CEA5BA4C21FAC074000694A3 /* Assets.xcassets in Resources */ = {isa = PBXBuildFile; fileRef = CEA5BA4B21FAC074000694A3 /* Assets.xcassets */; };
		CEA5BA4F21FAC074000694A3 /* LaunchScreen.storyboard in Resources */ = {isa = PBXBuildFile; fileRef = CEA5BA4D21FAC074000694A3 /* LaunchScreen.storyboard */; };
		CEA5BA5A21FAC074000694A3 /* fgobookTests.swift in Sources */ = {isa = PBXBuildFile; fileRef = CEA5BA5921FAC074000694A3 /* fgobookTests.swift */; };
		CEA5BA6521FAC074000694A3 /* fgobookUITests.swift in Sources */ = {isa = PBXBuildFile; fileRef = CEA5BA6421FAC074000694A3 /* fgobookUITests.swift */; };
		CEA5BA7421FAFB53000694A3 /* Saber.storyboard in Resources */ = {isa = PBXBuildFile; fileRef = CEA5BA7221FAFB53000694A3 /* Saber.storyboard */; };
		CEA5BA7621FB371A000694A3 /* Lancer.storyboard in Resources */ = {isa = PBXBuildFile; fileRef = CEA5BA7521FB371A000694A3 /* Lancer.storyboard */; };
		CEA5BA7821FB3844000694A3 /* Aecher.storyboard in Resources */ = {isa = PBXBuildFile; fileRef = CEA5BA7721FB3844000694A3 /* Aecher.storyboard */; };
		CEA5BA7A21FB3879000694A3 /* Rider.storyboard in Resources */ = {isa = PBXBuildFile; fileRef = CEA5BA7921FB3879000694A3 /* Rider.storyboard */; };
		CEA5BA7C21FB3890000694A3 /* Caster.storyboard in Resources */ = {isa = PBXBuildFile; fileRef = CEA5BA7B21FB3890000694A3 /* Caster.storyboard */; };
		CEA5BA7E21FB38A5000694A3 /* assassin.storyboard in Resources */ = {isa = PBXBuildFile; fileRef = CEA5BA7D21FB38A5000694A3 /* assassin.storyboard */; };
		CEA5BA8021FB38B6000694A3 /* berserker.storyboard in Resources */ = {isa = PBXBuildFile; fileRef = CEA5BA7F21FB38B6000694A3 /* berserker.storyboard */; };
		CEA5BA8221FB38CF000694A3 /* ruler.storyboard in Resources */ = {isa = PBXBuildFile; fileRef = CEA5BA8121FB38CF000694A3 /* ruler.storyboard */; };
		CEA5BA8421FB38E4000694A3 /* avenger.storyboard in Resources */ = {isa = PBXBuildFile; fileRef = CEA5BA8321FB38E4000694A3 /* avenger.storyboard */; };
		CEA5BA8621FB38F9000694A3 /* altergo.storyboard in Resources */ = {isa = PBXBuildFile; fileRef = CEA5BA8521FB38F9000694A3 /* altergo.storyboard */; };
		CEA5BA8821FB390F000694A3 /* mooncener.storyboard in Resources */ = {isa = PBXBuildFile; fileRef = CEA5BA8721FB390F000694A3 /* mooncener.storyboard */; };
		CEA5BA8A21FB3930000694A3 /* foreigner.storyboard in Resources */ = {isa = PBXBuildFile; fileRef = CEA5BA8921FB3930000694A3 /* foreigner.storyboard */; };
		CEA5BA8C21FB3943000694A3 /* shielder.storyboard in Resources */ = {isa = PBXBuildFile; fileRef = CEA5BA8B21FB3943000694A3 /* shielder.storyboard */; };
/* End PBXBuildFile section */

/* Begin PBXContainerItemProxy section */
		CEA5BA5621FAC074000694A3 /* PBXContainerItemProxy */ = {
			isa = PBXContainerItemProxy;
			containerPortal = CEA5BA3921FAC072000694A3 /* Project object */;
			proxyType = 1;
			remoteGlobalIDString = CEA5BA4021FAC072000694A3;
			remoteInfo = fgobook;
		};
		CEA5BA6121FAC074000694A3 /* PBXContainerItemProxy */ = {
			isa = PBXContainerItemProxy;
			containerPortal = CEA5BA3921FAC072000694A3 /* Project object */;
			proxyType = 1;
			remoteGlobalIDString = CEA5BA4021FAC072000694A3;
			remoteInfo = fgobook;
		};
/* End PBXContainerItemProxy section */

/* Begin PBXFileReference section */
		CEA5BA4121FAC072000694A3 /* fgobook.app */ = {isa = PBXFileReference; explicitFileType = wrapper.application; includeInIndex = 0; path = fgobook.app; sourceTree = BUILT_PRODUCTS_DIR; };
		CEA5BA4421FAC072000694A3 /* AppDelegate.swift */ = {isa = PBXFileReference; lastKnownFileType = sourcecode.swift; path = AppDelegate.swift; sourceTree = "<group>"; };
		CEA5BA4621FAC072000694A3 /* ViewController.swift */ = {isa = PBXFileReference; lastKnownFileType = sourcecode.swift; path = ViewController.swift; sourceTree = "<group>"; };
		CEA5BA4921FAC072000694A3 /* Base */ = {isa = PBXFileReference; lastKnownFileType = file.storyboard; name = Base; path = Base.lproj/Main.storyboard; sourceTree = "<group>"; };
		CEA5BA4B21FAC074000694A3 /* Assets.xcassets */ = {isa = PBXFileReference; lastKnownFileType = folder.assetcatalog; path = Assets.xcassets; sourceTree = "<group>"; };
		CEA5BA4E21FAC074000694A3 /* Base */ = {isa = PBXFileReference; lastKnownFileType = file.storyboard; name = Base; path = Base.lproj/LaunchScreen.storyboard; sourceTree = "<group>"; };
		CEA5BA5021FAC074000694A3 /* Info.plist */ = {isa = PBXFileReference; lastKnownFileType = text.plist.xml; path = Info.plist; sourceTree = "<group>"; };
		CEA5BA5521FAC074000694A3 /* fgobookTests.xctest */ = {isa = PBXFileReference; explicitFileType = wrapper.cfbundle; includeInIndex = 0; path = fgobookTests.xctest; sourceTree = BUILT_PRODUCTS_DIR; };
		CEA5BA5921FAC074000694A3 /* fgobookTests.swift */ = {isa = PBXFileReference; lastKnownFileType = sourcecode.swift; path = fgobookTests.swift; sourceTree = "<group>"; };
		CEA5BA5B21FAC074000694A3 /* Info.plist */ = {isa = PBXFileReference; lastKnownFileType = text.plist.xml; path = Info.plist; sourceTree = "<group>"; };
		CEA5BA6021FAC074000694A3 /* fgobookUITests.xctest */ = {isa = PBXFileReference; explicitFileType = wrapper.cfbundle; includeInIndex = 0; path = fgobookUITests.xctest; sourceTree = BUILT_PRODUCTS_DIR; };
		CEA5BA6421FAC074000694A3 /* fgobookUITests.swift */ = {isa = PBXFileReference; lastKnownFileType = sourcecode.swift; path = fgobookUITests.swift; sourceTree = "<group>"; };
		CEA5BA6621FAC074000694A3 /* Info.plist */ = {isa = PBXFileReference; lastKnownFileType = text.plist.xml; path = Info.plist; sourceTree = "<group>"; };
		CEA5BA7321FAFB53000694A3 /* Base */ = {isa = PBXFileReference; lastKnownFileType = file.storyboard; name = Base; path = fgobook/Base.lproj/Saber.storyboard; sourceTree = "<group>"; };
		CEA5BA7521FB371A000694A3 /* Lancer.storyboard */ = {isa = PBXFileReference; lastKnownFileType = file.storyboard; path = Lancer.storyboard; sourceTree = "<group>"; };
		CEA5BA7721FB3844000694A3 /* Aecher.storyboard */ = {isa = PBXFileReference; lastKnownFileType = file.storyboard; path = Aecher.storyboard; sourceTree = "<group>"; };
		CEA5BA7921FB3879000694A3 /* Rider.storyboard */ = {isa = PBXFileReference; lastKnownFileType = file.storyboard; path = Rider.storyboard; sourceTree = "<group>"; };
		CEA5BA7B21FB3890000694A3 /* Caster.storyboard */ = {isa = PBXFileReference; lastKnownFileType = file.storyboard; path = Caster.storyboard; sourceTree = "<group>"; };
		CEA5BA7D21FB38A5000694A3 /* assassin.storyboard */ = {isa = PBXFileReference; lastKnownFileType = file.storyboard; path = assassin.storyboard; sourceTree = "<group>"; };
		CEA5BA7F21FB38B6000694A3 /* berserker.storyboard */ = {isa = PBXFileReference; lastKnownFileType = file.storyboard; path = berserker.storyboard; sourceTree = "<group>"; };
		CEA5BA8121FB38CF000694A3 /* ruler.storyboard */ = {isa = PBXFileReference; lastKnownFileType = file.storyboard; path = ruler.storyboard; sourceTree = "<group>"; };
		CEA5BA8321FB38E4000694A3 /* avenger.storyboard */ = {isa = PBXFileReference; lastKnownFileType = file.storyboard; path = avenger.storyboard; sourceTree = "<group>"; };
		CEA5BA8521FB38F9000694A3 /* altergo.storyboard */ = {isa = PBXFileReference; lastKnownFileType = file.storyboard; path = altergo.storyboard; sourceTree = "<group>"; };
		CEA5BA8721FB390F000694A3 /* mooncener.storyboard */ = {isa = PBXFileReference; lastKnownFileType = file.storyboard; path = mooncener.storyboard; sourceTree = "<group>"; };
		CEA5BA8921FB3930000694A3 /* foreigner.storyboard */ = {isa = PBXFileReference; lastKnownFileType = file.storyboard; path = foreigner.storyboard; sourceTree = "<group>"; };
		CEA5BA8B21FB3943000694A3 /* shielder.storyboard */ = {isa = PBXFileReference; lastKnownFileType = file.storyboard; path = shielder.storyboard; sourceTree = "<group>"; };
/* End PBXFileReference section */

/* Begin PBXFrameworksBuildPhase section */
		CEA5BA3E21FAC072000694A3 /* Frameworks */ = {
			isa = PBXFrameworksBuildPhase;
			buildActionMask = 2147483647;
			files = (
			);
			runOnlyForDeploymentPostprocessing = 0;
		};
		CEA5BA5221FAC074000694A3 /* Frameworks */ = {
			isa = PBXFrameworksBuildPhase;
			buildActionMask = 2147483647;
			files = (
			);
			runOnlyForDeploymentPostprocessing = 0;
		};
		CEA5BA5D21FAC074000694A3 /* Frameworks */ = {
			isa = PBXFrameworksBuildPhase;
			buildActionMask = 2147483647;
			files = (
			);
			runOnlyForDeploymentPostprocessing = 0;
		};
/* End PBXFrameworksBuildPhase section */

/* Begin PBXGroup section */
		CEA5BA3821FAC072000694A3 = {
			isa = PBXGroup;
			children = (
				CEA5BA8B21FB3943000694A3 /* shielder.storyboard */,
				CEA5BA8921FB3930000694A3 /* foreigner.storyboard */,
				CEA5BA8721FB390F000694A3 /* mooncener.storyboard */,
				CEA5BA8521FB38F9000694A3 /* altergo.storyboard */,
				CEA5BA8321FB38E4000694A3 /* avenger.storyboard */,
				CEA5BA8121FB38CF000694A3 /* ruler.storyboard */,
				CEA5BA7F21FB38B6000694A3 /* berserker.storyboard */,
				CEA5BA7D21FB38A5000694A3 /* assassin.storyboard */,
				CEA5BA7B21FB3890000694A3 /* Caster.storyboard */,
				CEA5BA7921FB3879000694A3 /* Rider.storyboard */,
				CEA5BA7721FB3844000694A3 /* Aecher.storyboard */,
				CEA5BA7521FB371A000694A3 /* Lancer.storyboard */,
				CEA5BA7221FAFB53000694A3 /* Saber.storyboard */,
				CEA5BA4321FAC072000694A3 /* fgobook */,
				CEA5BA5821FAC074000694A3 /* fgobookTests */,
				CEA5BA6321FAC074000694A3 /* fgobookUITests */,
				CEA5BA4221FAC072000694A3 /* Products */,
			);
			sourceTree = "<group>";
		};
		CEA5BA4221FAC072000694A3 /* Products */ = {
			isa = PBXGroup;
			children = (
				CEA5BA4121FAC072000694A3 /* fgobook.app */,
				CEA5BA5521FAC074000694A3 /* fgobookTests.xctest */,
				CEA5BA6021FAC074000694A3 /* fgobookUITests.xctest */,
			);
			name = Products;
			sourceTree = "<group>";
		};
		CEA5BA4321FAC072000694A3 /* fgobook */ = {
			isa = PBXGroup;
			children = (
				CEA5BA4421FAC072000694A3 /* AppDelegate.swift */,
				CEA5BA4621FAC072000694A3 /* ViewController.swift */,
				CEA5BA4821FAC072000694A3 /* Main.storyboard */,
				CEA5BA4B21FAC074000694A3 /* Assets.xcassets */,
				CEA5BA4D21FAC074000694A3 /* LaunchScreen.storyboard */,
				CEA5BA5021FAC074000694A3 /* Info.plist */,
			);
			path = fgobook;
			sourceTree = "<group>";
		};
		CEA5BA5821FAC074000694A3 /* fgobookTests */ = {
			isa = PBXGroup;
			children = (
				CEA5BA5921FAC074000694A3 /* fgobookTests.swift */,
				CEA5BA5B21FAC074000694A3 /* Info.plist */,
			);
			path = fgobookTests;
			sourceTree = "<group>";
		};
		CEA5BA6321FAC074000694A3 /* fgobookUITests */ = {
			isa = PBXGroup;
			children = (
				CEA5BA6421FAC074000694A3 /* fgobookUITests.swift */,
				CEA5BA6621FAC074000694A3 /* Info.plist */,
			);
			path = fgobookUITests;
			sourceTree = "<group>";
		};
/* End PBXGroup section */

/* Begin PBXNativeTarget section */
		CEA5BA4021FAC072000694A3 /* fgobook */ = {
			isa = PBXNativeTarget;
			buildConfigurationList = CEA5BA6921FAC074000694A3 /* Build configuration list for PBXNativeTarget "fgobook" */;
			buildPhases = (
				CEA5BA3D21FAC072000694A3 /* Sources */,
				CEA5BA3E21FAC072000694A3 /* Frameworks */,
				CEA5BA3F21FAC072000694A3 /* Resources */,
			);
			buildRules = (
			);
			dependencies = (
			);
			name = fgobook;
			productName = fgobook;
			productReference = CEA5BA4121FAC072000694A3 /* fgobook.app */;
			productType = "com.apple.product-type.application";
		};
		CEA5BA5421FAC074000694A3 /* fgobookTests */ = {
			isa = PBXNativeTarget;
			buildConfigurationList = CEA5BA6C21FAC074000694A3 /* Build configuration list for PBXNativeTarget "fgobookTests" */;
			buildPhases = (
				CEA5BA5121FAC074000694A3 /* Sources */,
				CEA5BA5221FAC074000694A3 /* Frameworks */,
				CEA5BA5321FAC074000694A3 /* Resources */,
			);
			buildRules = (
			);
			dependencies = (
				CEA5BA5721FAC074000694A3 /* PBXTargetDependency */,
			);
			name = fgobookTests;
			productName = fgobookTests;
			productReference = CEA5BA5521FAC074000694A3 /* fgobookTests.xctest */;
			productType = "com.apple.product-type.bundle.unit-test";
		};
		CEA5BA5F21FAC074000694A3 /* fgobookUITests */ = {
			isa = PBXNativeTarget;
			buildConfigurationList = CEA5BA6F21FAC074000694A3 /* Build configuration list for PBXNativeTarget "fgobookUITests" */;
			buildPhases = (
				CEA5BA5C21FAC074000694A3 /* Sources */,
				CEA5BA5D21FAC074000694A3 /* Frameworks */,
				CEA5BA5E21FAC074000694A3 /* Resources */,
			);
			buildRules = (
			);
			dependencies = (
				CEA5BA6221FAC074000694A3 /* PBXTargetDependency */,
			);
			name = fgobookUITests;
			productName = fgobookUITests;
			productReference = CEA5BA6021FAC074000694A3 /* fgobookUITests.xctest */;
			productType = "com.apple.product-type.bundle.ui-testing";
		};
/* End PBXNativeTarget section */

/* Begin PBXProject section */
		CEA5BA3921FAC072000694A3 /* Project object */ = {
			isa = PBXProject;
			attributes = {
				LastSwiftUpdateCheck = 1010;
				LastUpgradeCheck = 1010;
				ORGANIZATIONNAME = g87;
				TargetAttributes = {
					CEA5BA4021FAC072000694A3 = {
						CreatedOnToolsVersion = 10.1;
					};
					CEA5BA5421FAC074000694A3 = {
						CreatedOnToolsVersion = 10.1;
						TestTargetID = CEA5BA4021FAC072000694A3;
					};
					CEA5BA5F21FAC074000694A3 = {
						CreatedOnToolsVersion = 10.1;
						TestTargetID = CEA5BA4021FAC072000694A3;
					};
				};
			};
			buildConfigurationList = CEA5BA3C21FAC072000694A3 /* Build configuration list for PBXProject "fgobook" */;
			compatibilityVersion = "Xcode 9.3";
			developmentRegion = en;
			hasScannedForEncodings = 0;
			knownRegions = (
				en,
				Base,
			);
			mainGroup = CEA5BA3821FAC072000694A3;
			productRefGroup = CEA5BA4221FAC072000694A3 /* Products */;
			projectDirPath = "";
			projectRoot = "";
			targets = (
				CEA5BA4021FAC072000694A3 /* fgobook */,
				CEA5BA5421FAC074000694A3 /* fgobookTests */,
				CEA5BA5F21FAC074000694A3 /* fgobookUITests */,
			);
		};
/* End PBXProject section */

/* Begin PBXResourcesBuildPhase section */
		CEA5BA3F21FAC072000694A3 /* Resources */ = {
			isa = PBXResourcesBuildPhase;
			buildActionMask = 2147483647;
			files = (
				CEA5BA7421FAFB53000694A3 /* Saber.storyboard in Resources */,
				CEA5BA8A21FB3930000694A3 /* foreigner.storyboard in Resources */,
				CEA5BA8621FB38F9000694A3 /* altergo.storyboard in Resources */,
				CEA5BA8421FB38E4000694A3 /* avenger.storyboard in Resources */,
				CEA5BA4F21FAC074000694A3 /* LaunchScreen.storyboard in Resources */,
				CEA5BA7C21FB3890000694A3 /* Caster.storyboard in Resources */,
				CEA5BA7A21FB3879000694A3 /* Rider.storyboard in Resources */,
				CEA5BA7821FB3844000694A3 /* Aecher.storyboard in Resources */,
				CEA5BA8821FB390F000694A3 /* mooncener.storyboard in Resources */,
				CEA5BA7E21FB38A5000694A3 /* assassin.storyboard in Resources */,
				CEA5BA8C21FB3943000694A3 /* shielder.storyboard in Resources */,
				CEA5BA4C21FAC074000694A3 /* Assets.xcassets in Resources */,
				CEA5BA4A21FAC072000694A3 /* Main.storyboard in Resources */,
				CEA5BA8221FB38CF000694A3 /* ruler.storyboard in Resources */,
				CEA5BA8021FB38B6000694A3 /* berserker.storyboard in Resources */,
				CEA5BA7621FB371A000694A3 /* Lancer.storyboard in Resources */,
			);
			runOnlyForDeploymentPostprocessing = 0;
		};
		CEA5BA5321FAC074000694A3 /* Resources */ = {
			isa = PBXResourcesBuildPhase;
			buildActionMask = 2147483647;
			files = (
			);
			runOnlyForDeploymentPostprocessing = 0;
		};
		CEA5BA5E21FAC074000694A3 /* Resources */ = {
			isa = PBXResourcesBuildPhase;
			buildActionMask = 2147483647;
			files = (
			);
			runOnlyForDeploymentPostprocessing = 0;
		};
/* End PBXResourcesBuildPhase section */

/* Begin PBXSourcesBuildPhase section */
		CEA5BA3D21FAC072000694A3 /* Sources */ = {
			isa = PBXSourcesBuildPhase;
			buildActionMask = 2147483647;
			files = (
				CEA5BA4721FAC072000694A3 /* ViewController.swift in Sources */,
				CEA5BA4521FAC072000694A3 /* AppDelegate.swift in Sources */,
			);
			runOnlyForDeploymentPostprocessing = 0;
		};
		CEA5BA5121FAC074000694A3 /* Sources */ = {
			isa = PBXSourcesBuildPhase;
			buildActionMask = 2147483647;
			files = (
				CEA5BA5A21FAC074000694A3 /* fgobookTests.swift in Sources */,
			);
			runOnlyForDeploymentPostprocessing = 0;
		};
		CEA5BA5C21FAC074000694A3 /* Sources */ = {
			isa = PBXSourcesBuildPhase;
			buildActionMask = 2147483647;
			files = (
				CEA5BA6521FAC074000694A3 /* fgobookUITests.swift in Sources */,
			);
			runOnlyForDeploymentPostprocessing = 0;
		};
/* End PBXSourcesBuildPhase section */

/* Begin PBXTargetDependency section */
		CEA5BA5721FAC074000694A3 /* PBXTargetDependency */ = {
			isa = PBXTargetDependency;
			target = CEA5BA4021FAC072000694A3 /* fgobook */;
			targetProxy = CEA5BA5621FAC074000694A3 /* PBXContainerItemProxy */;
		};
		CEA5BA6221FAC074000694A3 /* PBXTargetDependency */ = {
			isa = PBXTargetDependency;
			target = CEA5BA4021FAC072000694A3 /* fgobook */;
			targetProxy = CEA5BA6121FAC074000694A3 /* PBXContainerItemProxy */;
		};
/* End PBXTargetDependency section */

/* Begin PBXVariantGroup section */
		CEA5BA4821FAC072000694A3 /* Main.storyboard */ = {
			isa = PBXVariantGroup;
			children = (
				CEA5BA4921FAC072000694A3 /* Base */,
			);
			name = Main.storyboard;
			sourceTree = "<group>";
		};
		CEA5BA4D21FAC074000694A3 /* LaunchScreen.storyboard */ = {
			isa = PBXVariantGroup;
			children = (
				CEA5BA4E21FAC074000694A3 /* Base */,
			);
			name = LaunchScreen.storyboard;
			sourceTree = "<group>";
		};
		CEA5BA7221FAFB53000694A3 /* Saber.storyboard */ = {
			isa = PBXVariantGroup;
			children = (
				CEA5BA7321FAFB53000694A3 /* Base */,
			);
			name = Saber.storyboard;
			sourceTree = "<group>";
		};
/* End PBXVariantGroup section */

/* Begin XCBuildConfiguration section */
		CEA5BA6721FAC074000694A3 /* Debug */ = {
			isa = XCBuildConfiguration;
			buildSettings = {
				ALWAYS_SEARCH_USER_PATHS = NO;
				CLANG_ANALYZER_NONNULL = YES;
				CLANG_ANALYZER_NUMBER_OBJECT_CONVERSION = YES_AGGRESSIVE;
				CLANG_CXX_LANGUAGE_STANDARD = "gnu++14";
				CLANG_CXX_LIBRARY = "libc++";
				CLANG_ENABLE_MODULES = YES;
				CLANG_ENABLE_OBJC_ARC = YES;
				CLANG_ENABLE_OBJC_WEAK = YES;
				CLANG_WARN_BLOCK_CAPTURE_AUTORELEASING = YES;
				CLANG_WARN_BOOL_CONVERSION = YES;
				CLANG_WARN_COMMA = YES;
				CLANG_WARN_CONSTANT_CONVERSION = YES;
				CLANG_WARN_DEPRECATED_OBJC_IMPLEMENTATIONS = YES;
				CLANG_WARN_DIRECT_OBJC_ISA_USAGE = YES_ERROR;
				CLANG_WARN_DOCUMENTATION_COMMENTS = YES;
				CLANG_WARN_EMPTY_BODY = YES;
				CLANG_WARN_ENUM_CONVERSION = YES;
				CLANG_WARN_INFINITE_RECURSION = YES;
				CLANG_WARN_INT_CONVERSION = YES;
				CLANG_WARN_NON_LITERAL_NULL_CONVERSION = YES;
				CLANG_WARN_OBJC_IMPLICIT_RETAIN_SELF = YES;
				CLANG_WARN_OBJC_LITERAL_CONVERSION = YES;
				CLANG_WARN_OBJC_ROOT_CLASS = YES_ERROR;
				CLANG_WARN_RANGE_LOOP_ANALYSIS = YES;
				CLANG_WARN_STRICT_PROTOTYPES = YES;
				CLANG_WARN_SUSPICIOUS_MOVE = YES;
				CLANG_WARN_UNGUARDED_AVAILABILITY = YES_AGGRESSIVE;
				CLANG_WARN_UNREACHABLE_CODE = YES;
				CLANG_WARN__DUPLICATE_METHOD_MATCH = YES;
				CODE_SIGN_IDENTITY = "iPhone Developer";
				COPY_PHASE_STRIP = NO;
				DEBUG_INFORMATION_FORMAT = dwarf;
				ENABLE_STRICT_OBJC_MSGSEND = YES;
				ENABLE_TESTABILITY = YES;
				GCC_C_LANGUAGE_STANDARD = gnu11;
				GCC_DYNAMIC_NO_PIC = NO;
				GCC_NO_COMMON_BLOCKS = YES;
				GCC_OPTIMIZATION_LEVEL = 0;
				GCC_PREPROCESSOR_DEFINITIONS = (
					"DEBUG=1",
					"$(inherited)",
				);
				GCC_WARN_64_TO_32_BIT_CONVERSION = YES;
				GCC_WARN_ABOUT_RETURN_TYPE = YES_ERROR;
				GCC_WARN_UNDECLARED_SELECTOR = YES;
				GCC_WARN_UNINITIALIZED_AUTOS = YES_AGGRESSIVE;
				GCC_WARN_UNUSED_FUNCTION = YES;
				GCC_WARN_UNUSED_VARIABLE = YES;
				IPHONEOS_DEPLOYMENT_TARGET = 12.1;
				MTL_ENABLE_DEBUG_INFO = INCLUDE_SOURCE;
				MTL_FAST_MATH = YES;
				ONLY_ACTIVE_ARCH = YES;
				SDKROOT = iphoneos;
				SWIFT_ACTIVE_COMPILATION_CONDITIONS = DEBUG;
				SWIFT_OPTIMIZATION_LEVEL = "-Onone";
			};
			name = Debug;
		};
		CEA5BA6821FAC074000694A3 /* Release */ = {
			isa = XCBuildConfiguration;
			buildSettings = {
				ALWAYS_SEARCH_USER_PATHS = NO;
				CLANG_ANALYZER_NONNULL = YES;
				CLANG_ANALYZER_NUMBER_OBJECT_CONVERSION = YES_AGGRESSIVE;
				CLANG_CXX_LANGUAGE_STANDARD = "gnu++14";
				CLANG_CXX_LIBRARY = "libc++";
				CLANG_ENABLE_MODULES = YES;
				CLANG_ENABLE_OBJC_ARC = YES;
				CLANG_ENABLE_OBJC_WEAK = YES;
				CLANG_WARN_BLOCK_CAPTURE_AUTORELEASING = YES;
				CLANG_WARN_BOOL_CONVERSION = YES;
				CLANG_WARN_COMMA = YES;
				CLANG_WARN_CONSTANT_CONVERSION = YES;
				CLANG_WARN_DEPRECATED_OBJC_IMPLEMENTATIONS = YES;
				CLANG_WARN_DIRECT_OBJC_ISA_USAGE = YES_ERROR;
				CLANG_WARN_DOCUMENTATION_COMMENTS = YES;
				CLANG_WARN_EMPTY_BODY = YES;
				CLANG_WARN_ENUM_CONVERSION = YES;
				CLANG_WARN_INFINITE_RECURSION = YES;
				CLANG_WARN_INT_CONVERSION = YES;
				CLANG_WARN_NON_LITERAL_NULL_CONVERSION = YES;
				CLANG_WARN_OBJC_IMPLICIT_RETAIN_SELF = YES;
				CLANG_WARN_OBJC_LITERAL_CONVERSION = YES;
				CLANG_WARN_OBJC_ROOT_CLASS = YES_ERROR;
				CLANG_WARN_RANGE_LOOP_ANALYSIS = YES;
				CLANG_WARN_STRICT_PROTOTYPES = YES;
				CLANG_WARN_SUSPICIOUS_MOVE = YES;
				CLANG_WARN_UNGUARDED_AVAILABILITY = YES_AGGRESSIVE;
				CLANG_WARN_UNREACHABLE_CODE = YES;
				CLANG_WARN__DUPLICATE_METHOD_MATCH = YES;
				CODE_SIGN_IDENTITY = "iPhone Developer";
				COPY_PHASE_STRIP = NO;
				DEBUG_INFORMATION_FORMAT = "dwarf-with-dsym";
				ENABLE_NS_ASSERTIONS = NO;
				ENABLE_STRICT_OBJC_MSGSEND = YES;
				GCC_C_LANGUAGE_STANDARD = gnu11;
				GCC_NO_COMMON_BLOCKS = YES;
				GCC_WARN_64_TO_32_BIT_CONVERSION = YES;
				GCC_WARN_ABOUT_RETURN_TYPE = YES_ERROR;
				GCC_WARN_UNDECLARED_SELECTOR = YES;
				GCC_WARN_UNINITIALIZED_AUTOS = YES_AGGRESSIVE;
				GCC_WARN_UNUSED_FUNCTION = YES;
				GCC_WARN_UNUSED_VARIABLE = YES;
				IPHONEOS_DEPLOYMENT_TARGET = 12.1;
				MTL_ENABLE_DEBUG_INFO = NO;
				MTL_FAST_MATH = YES;
				SDKROOT = iphoneos;
				SWIFT_COMPILATION_MODE = wholemodule;
				SWIFT_OPTIMIZATION_LEVEL = "-O";
				VALIDATE_PRODUCT = YES;
			};
			name = Release;
		};
		CEA5BA6A21FAC074000694A3 /* Debug */ = {
			isa = XCBuildConfiguration;
			buildSettings = {
				ASSETCATALOG_COMPILER_APPICON_NAME = AppIcon;
				CODE_SIGN_STYLE = Automatic;
				INFOPLIST_FILE = fgobook/Info.plist;
				LD_RUNPATH_SEARCH_PATHS = (
					"$(inherited)",
					"@executable_path/Frameworks",
				);
				PRODUCT_BUNDLE_IDENTIFIER = g87.com.fgobook;
				PRODUCT_NAME = "$(TARGET_NAME)";
				SWIFT_VERSION = 4.2;
				TARGETED_DEVICE_FAMILY = "1,2";
			};
			name = Debug;
		};
		CEA5BA6B21FAC074000694A3 /* Release */ = {
			isa = XCBuildConfiguration;
			buildSettings = {
				ASSETCATALOG_COMPILER_APPICON_NAME = AppIcon;
				CODE_SIGN_STYLE = Automatic;
				INFOPLIST_FILE = fgobook/Info.plist;
				LD_RUNPATH_SEARCH_PATHS = (
					"$(inherited)",
					"@executable_path/Frameworks",
				);
				PRODUCT_BUNDLE_IDENTIFIER = g87.com.fgobook;
				PRODUCT_NAME = "$(TARGET_NAME)";
				SWIFT_VERSION = 4.2;
				TARGETED_DEVICE_FAMILY = "1,2";
			};
			name = Release;
		};
		CEA5BA6D21FAC074000694A3 /* Debug */ = {
			isa = XCBuildConfiguration;
			buildSettings = {
				ALWAYS_EMBED_SWIFT_STANDARD_LIBRARIES = YES;
				BUNDLE_LOADER = "$(TEST_HOST)";
				CODE_SIGN_STYLE = Automatic;
				INFOPLIST_FILE = fgobookTests/Info.plist;
				LD_RUNPATH_SEARCH_PATHS = (
					"$(inherited)",
					"@executable_path/Frameworks",
					"@loader_path/Frameworks",
				);
				PRODUCT_BUNDLE_IDENTIFIER = g87.com.fgobookTests;
				PRODUCT_NAME = "$(TARGET_NAME)";
				SWIFT_VERSION = 4.2;
				TARGETED_DEVICE_FAMILY = "1,2";
				TEST_HOST = "$(BUILT_PRODUCTS_DIR)/fgobook.app/fgobook";
			};
			name = Debug;
		};
		CEA5BA6E21FAC074000694A3 /* Release */ = {
			isa = XCBuildConfiguration;
			buildSettings = {
				ALWAYS_EMBED_SWIFT_STANDARD_LIBRARIES = YES;
				BUNDLE_LOADER = "$(TEST_HOST)";
				CODE_SIGN_STYLE = Automatic;
				INFOPLIST_FILE = fgobookTests/Info.plist;
				LD_RUNPATH_SEARCH_PATHS = (
					"$(inherited)",
					"@executable_path/Frameworks",
					"@loader_path/Frameworks",
				);
				PRODUCT_BUNDLE_IDENTIFIER = g87.com.fgobookTests;
				PRODUCT_NAME = "$(TARGET_NAME)";
				SWIFT_VERSION = 4.2;
				TARGETED_DEVICE_FAMILY = "1,2";
				TEST_HOST = "$(BUILT_PRODUCTS_DIR)/fgobook.app/fgobook";
			};
			name = Release;
		};
		CEA5BA7021FAC074000694A3 /* Debug */ = {
			isa = XCBuildConfiguration;
			buildSettings = {
				ALWAYS_EMBED_SWIFT_STANDARD_LIBRARIES = YES;
				CODE_SIGN_STYLE = Automatic;
				INFOPLIST_FILE = fgobookUITests/Info.plist;
				LD_RUNPATH_SEARCH_PATHS = (
					"$(inherited)",
					"@executable_path/Frameworks",
					"@loader_path/Frameworks",
				);
				PRODUCT_BUNDLE_IDENTIFIER = g87.com.fgobookUITests;
				PRODUCT_NAME = "$(TARGET_NAME)";
				SWIFT_VERSION = 4.2;
				TARGETED_DEVICE_FAMILY = "1,2";
				TEST_TARGET_NAME = fgobook;
			};
			name = Debug;
		};
		CEA5BA7121FAC074000694A3 /* Release */ = {
			isa = XCBuildConfiguration;
			buildSettings = {
				ALWAYS_EMBED_SWIFT_STANDARD_LIBRARIES = YES;
				CODE_SIGN_STYLE = Automatic;
				INFOPLIST_FILE = fgobookUITests/Info.plist;
				LD_RUNPATH_SEARCH_PATHS = (
					"$(inherited)",
					"@executable_path/Frameworks",
					"@loader_path/Frameworks",
				);
				PRODUCT_BUNDLE_IDENTIFIER = g87.com.fgobookUITests;
				PRODUCT_NAME = "$(TARGET_NAME)";
				SWIFT_VERSION = 4.2;
				TARGETED_DEVICE_FAMILY = "1,2";
				TEST_TARGET_NAME = fgobook;
			};
			name = Release;
		};
/* End XCBuildConfiguration section */

/* Begin XCConfigurationList section */
		CEA5BA3C21FAC072000694A3 /* Build configuration list for PBXProject "fgobook" */ = {
			isa = XCConfigurationList;
			buildConfigurations = (
				CEA5BA6721FAC074000694A3 /* Debug */,
				CEA5BA6821FAC074000694A3 /* Release */,
			);
			defaultConfigurationIsVisible = 0;
			defaultConfigurationName = Release;
		};
		CEA5BA6921FAC074000694A3 /* Build configuration list for PBXNativeTarget "fgobook" */ = {
			isa = XCConfigurationList;
			buildConfigurations = (
				CEA5BA6A21FAC074000694A3 /* Debug */,
				CEA5BA6B21FAC074000694A3 /* Release */,
			);
			defaultConfigurationIsVisible = 0;
			defaultConfigurationName = Release;
		};
		CEA5BA6C21FAC074000694A3 /* Build configuration list for PBXNativeTarget "fgobookTests" */ = {
			isa = XCConfigurationList;
			buildConfigurations = (
				CEA5BA6D21FAC074000694A3 /* Debug */,
				CEA5BA6E21FAC074000694A3 /* Release */,
			);
			defaultConfigurationIsVisible = 0;
			defaultConfigurationName = Release;
		};
		CEA5BA6F21FAC074000694A3 /* Build configuration list for PBXNativeTarget "fgobookUITests" */ = {
			isa = XCConfigurationList;
			buildConfigurations = (
				CEA5BA7021FAC074000694A3 /* Debug */,
				CEA5BA7121FAC074000694A3 /* Release */,
			);
			defaultConfigurationIsVisible = 0;
			defaultConfigurationName = Release;
		};
/* End XCConfigurationList section */
	};
	rootObject = CEA5BA3921FAC072000694A3 /* Project object */;
}
